
Microsoft Visual Studio Solution File, Format Version 12.00
# Visual Studio Version 16
VisualStudioVersion = 16.0.30002.166
MinimumVisualStudioVersion = 10.0.40219.1
Project("{FAE04EC0-301F-11D3-BF4B-00C04F79EFBC}") = "snai.maxmindip.core", "snai.maxmindip.core\snai.maxmindip.core.csproj", "{5C75B5C4-0BFC-4E8B-8FD1-4603339629ED}"
EndProject
Global
	GlobalSection(SolutionConfigurationPlatforms) = preSolution
		Debug|Any CPU = Debug|Any CPU
		Release|Any CPU = Release|Any CPU
	EndGlobalSection
	GlobalSection(ProjectConfigurationPlatforms) = postSolution
		{5C75B5C4-0BFC-4E8B-8FD1-4603339629ED}.Debug|Any CPU.ActiveCfg = Debug|Any CPU
		{5C75B5C4-0BFC-4E8B-8FD1-4603339629ED}.Debug|Any CPU.Build.0 = Debug|Any CPU
		{5C75B5C4-0BFC-4E8B-8FD1-4603339629ED}.Release|Any CPU.ActiveCfg = Release|Any CPU
		{5C75B5C4-0BFC-4E8B-8FD1-4603339629ED}.Release|Any CPU.Build.0 = Release|Any CPU
	EndGlobalSection
	GlobalSection(SolutionProperties) = preSolution
		HideSolutionNode = FALSE
	EndGlobalSection
	GlobalSection(ExtensibilityGlobals) = postSolution
		SolutionGuid = {226B9EB1-3CE4-421A-9E1A-7FBAFD218030}
	EndGlobalSection
EndGlobal
